
Microsoft Visual Studio Solution File, Format Version 12.00
# Visual Studio 15
VisualStudioVersion = 15.0.26730.15
MinimumVisualStudioVersion = 10.0.40219.1
Project("{8BC9CEB8-8B4A-11D0-8D11-00A0C91BC942}") = "Project", "..\..\Project32_VS2017\Project32_VS2017\Project.vcxproj", "{4164AA65-1EF9-4E69-899B-D1BED776070B}"
EndProject
Global
	GlobalSection(SolutionConfigurationPlatforms) = preSolution
		Debug|x86 = Debug|x86
		Release|x86 = Release|x86
	EndGlobalSection
	GlobalSection(ProjectConfigurationPlatforms) = postSolution
		{4164AA65-1EF9-4E69-899B-D1BED776070B}.Debug|x86.ActiveCfg = Debug|Win32
		{4164AA65-1EF9-4E69-899B-D1BED776070B}.Debug|x86.Build.0 = Debug|Win32
		{4164AA65-1EF9-4E69-899B-D1BED776070B}.Release|x86.ActiveCfg = Release|Win32
		{4164AA65-1EF9-4E69-899B-D1BED776070B}.Release|x86.Build.0 = Release|Win32
	EndGlobalSection
	GlobalSection(SolutionProperties) = preSolution
		HideSolutionNode = FALSE
	EndGlobalSection
	GlobalSection(ExtensibilityGlobals) = postSolution
		SolutionGuid = {05312297-A9A4-427D-BA88-50B39FC08DCF}
	EndGlobalSection
EndGlobal
